{
 "name": "keyer",
 "version": "1.1.0",
 "lockfileVersion": 3,
 "requires": true,
 "packages": {
  "": {
   "name": "keyer",
   "version": "1.1.0",
   "license": "MIT",
   "dependencies": {
    "memcached": "^2.2.2",
    "redis": "^3.1.2"
   },
   "engines": {
    "node": ">=8.0.0"
   }
  },
  "node_modules/connection-parse": {
   "version": "0.0.7",
   "resolved": "https://registry.npmjs.org/connection-parse/-/connection-parse-0.0.7.tgz",
   "integrity": "sha512-bTTG28diWg7R7/+qE5NZumwPbCiJOT8uPdZYu674brDjBWQctbaQbYlDKhalS+4i5HxIx+G8dZsnBHKzWpp01A=="
  },
  "node_modules/denque": {
   "version": "1.5.1",
   "resolved": "https://registry.npmjs.org/denque/-/denque-1.5.1.tgz",
   "integrity": "sha512-XwE+iZ4D6ZUB7mfYRMb5wByE8L74HCn30FBN7sWnXksWc1LO1bPDl67pBR9o/kC4z/xSNAwkMYcGgqDV3BE3Hw==",
   "engines": {
    "node": ">=0.10"
   }
  },
  "node_modules/hashring": {
   "version": "3.2.0",
   "resolved": "https://registry.npmjs.org/hashring/-/hashring-3.2.0.tgz",
   "integrity": "sha512-xCMovURClsQZ+TR30icCZj+34Fq1hs0y6YCASD6ZqdRfYRybb5Iadws2WS+w09mGM/kf9xyA5FCdJQGcgcraSA==",
   "dependencies": {
    "connection-parse": "0.0.x",
    "simple-lru-cache": "0.0.x"
   }
  },
  "node_modules/jackpot": {
   "version": "0.0.6",
   "resolved": "https://registry.npmjs.org/jackpot/-/jackpot-0.0.6.tgz",
   "integrity": "sha512-rbWXX+A9ooq03/dfavLg9OXQ8YB57Wa7PY5c4LfU3CgFpwEhhl3WyXTQVurkaT7zBM5I9SSOaiLyJ4I0DQmC0g==",
   "dependencies": {
    "retry": "0.6.0"
   }
  },
  "node_modules/memcached": {
   "version": "2.2.2",
   "resolved": "https://registry.npmjs.org/memcached/-/memcached-2.2.2.tgz",
   "integrity": "sha512-lHwUmqkT9WdUUgRsAvquO4xsKXYaBd644Orz31tuth+w/BIfFNuJMWwsG7sa7H3XXytaNfPTZ5R/yOG3d9zJMA==",
   "dependencies": {
    "hashring": "3.2.x",
    "jackpot": ">=0.0.6"
   }
  },
  "node_modules/redis": {
   "version": "3.1.2",
   "resolved": "https://registry.npmjs.org/redis/-/redis-3.1.2.tgz",
   "integrity": "sha512-grn5KoZLr/qrRQVwoSkmzdbw6pwF+/rwODtrOr6vuBRiR/f3rjSTGupbF90Zpqm2oenix8Do6RV7pYEkGwlKkw==",
   "dependencies": {
    "denque": "^1.5.0",
    "redis-commands": "^1.7.0",
    "redis-errors": "^1.2.0",
    "redis-parser": "^3.0.0"
   },
   "engines": {
    "node": ">=10"
   },
   "funding": {
    "type": "opencollective",
    "url": "https://opencollective.com/node-redis"
   }
  },
  "node_modules/redis-commands": {
   "version": "1.7.0",
   "resolved": "https://registry.npmjs.org/redis-commands/-/redis-commands-1.7.0.tgz",
   "integrity": "sha512-nJWqw3bTFy21hX/CPKHth6sfhZbdiHP6bTawSgQBlKOVRG7EZkfHbbHwQJnrE4vsQf0CMNE+3gJ4Fmm16vdVlQ=="
  },
  "node_modules/redis-errors": {
   "version": "1.2.0",
   "resolved": "https://registry.npmjs.org/redis-errors/-/redis-errors-1.2.0.tgz",
   "integrity": "sha512-1qny3OExCf0UvUV/5wpYKf2YwPcOqXzkwKKSmKHiE6ZMQs5heeE/c8eXK+PNllPvmjgAbfnsbpkGZWy8cBpn9w==",
   "engines": {
    "node": ">=4"
   }
  },
  "node_modules/redis-parser": {
   "version": "3.0.0",
   "resolved": "https://registry.npmjs.org/redis-parser/-/redis-parser-3.0.0.tgz",
   "integrity": "sha512-DJnGAeenTdpMEH6uAJRK/uiyEIH9WVsUmoLwzudwGJUwZPp80PDBWPHXSAGNPwNvIXAbe7MSUB1zQFugFml66A==",
   "dependencies": {
    "redis-errors": "^1.0.0"
   },
   "engines": {
    "node": ">=4"
   }
  },
  "node_modules/retry": {
   "version": "0.6.0",
   "resolved": "https://registry.npmjs.org/retry/-/retry-0.6.0.tgz",
   "integrity": "sha512-RgncoxLF1GqwAzTZs/K2YpZkWrdIYbXsmesdomi+iPilSzjUyr/wzNIuteoTVaWokzdwZIJ9NHRNQa/RUiOB2g==",
   "engines": {
    "node": "*"
   }
  },
  "node_modules/simple-lru-cache": {
   "version": "0.0.2",
   "resolved": "https://registry.npmjs.org/simple-lru-cache/-/simple-lru-cache-0.0.2.tgz",
   "integrity": "sha512-uEv/AFO0ADI7d99OHDmh1QfYzQk/izT1vCmu/riQfh7qjBVUUgRT87E5s5h7CxWCA/+YoZerykpEthzVrW3LIw=="
  }
 }
}
